<Solution>
  <Folder Name="/src/" />
  <Folder Name="/src/Shared/">
    <Project Path="src/Shared/BuildingBlocks/BuildingBlocks.csproj" />
    <Project Path="src/Shared/Contracts/Contracts.csproj" />
    <Project Path="src/Shared/Observability/Observability.csproj" />
  </Folder>
  <Folder Name="/tests/">
    <Project Path="tests/Shared.Tests/Shared.Tests.csproj" />
  </Folder>
</Solution>
